
Microsoft Visual Studio Solution File, Format Version 12.00
# Visual Studio Version 16
VisualStudioVersion = 16.0.31829.152
MinimumVisualStudioVersion = 10.0.40219.1
Project("{FAE04EC0-301F-11D3-BF4B-00C04F79EFBC}") = "RazorGithub", "RazorGithub\RazorGithub.csproj", "{52782F3E-2880-4667-8661-44888DDDC9AB}"
EndProject
Global
	GlobalSection(SolutionConfigurationPlatforms) = preSolution
		Debug|Any CPU = Debug|Any CPU
		Release|Any CPU = Release|Any CPU
	EndGlobalSection
	GlobalSection(ProjectConfigurationPlatforms) = postSolution
		{52782F3E-2880-4667-8661-44888DDDC9AB}.Debug|Any CPU.ActiveCfg = Debug|Any CPU
		{52782F3E-2880-4667-8661-44888DDDC9AB}.Debug|Any CPU.Build.0 = Debug|Any CPU
		{52782F3E-2880-4667-8661-44888DDDC9AB}.Release|Any CPU.ActiveCfg = Release|Any CPU
		{52782F3E-2880-4667-8661-44888DDDC9AB}.Release|Any CPU.Build.0 = Release|Any CPU
	EndGlobalSection
	GlobalSection(SolutionProperties) = preSolution
		HideSolutionNode = FALSE
	EndGlobalSection
	GlobalSection(ExtensibilityGlobals) = postSolution
		SolutionGuid = {A1B42537-9890-4529-8846-351B856D3360}
	EndGlobalSection
EndGlobal
